Microsoft Visual Studio Solution File, Format Version 9.00
# Visual Studio 2005
Project("{FAE04EC0-301F-11D3-BF4B-00C04F79EFBC}") = "GridView_CalcRowHeight", "GridView_CalcRowHeight\GridView_CalcRowHeight.csproj", "{8CCF7294-55E5-4F5E-9266-4825E87AB5CF}"
EndProject
Global
	GlobalSection(SolutionConfigurationPlatforms) = preSolution
		Debug|Any CPU = Debug|Any CPU
		Release|Any CPU = Release|Any CPU
	EndGlobalSection
	GlobalSection(ProjectConfigurationPlatforms) = postSolution
		{8CCF7294-55E5-4F5E-9266-4825E87AB5CF}.Debug|Any CPU.ActiveCfg = Debug|Any CPU
		{8CCF7294-55E5-4F5E-9266-4825E87AB5CF}.Debug|Any CPU.Build.0 = Debug|Any CPU
		{8CCF7294-55E5-4F5E-9266-4825E87AB5CF}.Release|Any CPU.ActiveCfg = Release|Any CPU
		{8CCF7294-55E5-4F5E-9266-4825E87AB5CF}.Release|Any CPU.Build.0 = Release|Any CPU
	EndGlobalSection
	GlobalSection(SolutionProperties) = preSolution
		HideSolutionNode = FALSE
	EndGlobalSection
EndGlobal
